<Solution>
  <Folder Name="/dev/">
    <Project Path="dev/Orvano.AppHost/Orvano.AppHost.csproj" />
  </Folder>
  <Folder Name="/sdks/">
    <Project Path="sdks/dotnet/src/Orvano/Orvano.csproj" />
  </Folder>
  <Folder Name="/server/" />
  <Folder Name="/server/src/">
    <Project Path="server/src/Orvano.Contract/Orvano.Contract.csproj" />
    <Project Path="server/src/Orvano.Core/Orvano.Core.csproj" />
    <Project Path="server/src/Orvano.Server/Orvano.Server.csproj" />
  </Folder>
  <Folder Name="/server/tests/">
    <Project Path="server/tests/Orvano.ModelDriftCheck/Orvano.ModelDriftCheck.csproj" />
    <Project Path="server/tests/Orvano.Server.Tests/Orvano.Server.Tests.csproj" />
  </Folder>
  <Folder Name="/tests/">
    <Project Path="tests/scenarios/runners/dotnet/Orvano.Scenarios.csproj" />
  </Folder>
  <Folder Name="/tools/">
    <Project Path="tools/sdkgen/Orvano.SdkGen.csproj" />
  </Folder>
</Solution>
